<?xml version="1.0" encoding="utf-8"?>
<Project ToolsVersion="4.0" xmlns="http://schemas.microsoft.com/developer/msbuild/2003">
  <ItemGroup>
    <Filter Include="Generated Files">
      <UniqueIdentifier>{71ED8ED8-ACB9-4CE9-BBE1-E00B30144E11}</UniqueIdentifier>
      <Extensions>cpp;c;cxx;moc;h;def;odl;idl;res;</Extensions>
    </Filter>
    <Filter Include="Generated Files">
      <UniqueIdentifier>{71ED8ED8-ACB9-4CE9-BBE1-E00B30144E11}</UniqueIdentifier>
      <Extensions>cpp;c;cxx;moc;h;def;odl;idl;res;</Extensions>
    </Filter>
    <Filter Include="Header Files">
      <UniqueIdentifier>{93995380-89BD-4b04-88EB-625FBE52EBFB}</UniqueIdentifier>
      <Extensions>h;hpp;hxx;hm;inl;inc;xsd</Extensions>
    </Filter>
    <Filter Include="Header Files">
      <UniqueIdentifier>{93995380-89BD-4b04-88EB-625FBE52EBFB}</UniqueIdentifier>
      <Extensions>h;hpp;hxx;hm;inl;inc;xsd</Extensions>
    </Filter>
    <Filter Include="Source Files">
      <UniqueIdentifier>{4FC737F1-C7A5-4376-A066-2A32D752A2FF}</UniqueIdentifier>
      <Extensions>cpp;c;cxx;def;odl;idl;hpj;bat;asm;asmx</Extensions>
    </Filter>
    <Filter Include="Source Files">
      <UniqueIdentifier>{4FC737F1-C7A5-4376-A066-2A32D752A2FF}</UniqueIdentifier>
      <Extensions>cpp;c;cxx;def;odl;idl;hpj;bat;asm;asmx</Extensions>
    </Filter>
  </ItemGroup>
  <ItemGroup>
    <ClCompile Include="CAppInformation.cpp">
      <Filter>Source Files</Filter>
    </ClCompile>
    <ClCompile Include="CRawStream.cpp">
      <Filter>Source Files</Filter>
    </ClCompile>
    <ClCompile Include="CTcpTransport.cpp">
      <Filter>Source Files</Filter>
    </ClCompile>
    <ClCompile Include="CTelegramConnection.cpp">
      <Filter>Source Files</Filter>
    </ClCompile>
    <ClCompile Include="CTelegramCore.cpp">
      <Filter>Source Files</Filter>
    </ClCompile>
    <ClCompile Include="CTelegramDispatcher.cpp">
      <Filter>Source Files</Filter>
    </ClCompile>
    <ClCompile Include="CTelegramStream.cpp">
      <Filter>Source Files</Filter>
    </ClCompile>
    <ClCompile Include="TLValues.cpp">
      <Filter>Source Files</Filter>
    </ClCompile>
    <ClCompile Include="TelegramNamespace.cpp">
      <Filter>Source Files</Filter>
    </ClCompile>
    <ClCompile Include="Utils.cpp">
      <Filter>Source Files</Filter>
    </ClCompile>
  </ItemGroup>
  <ItemGroup>
    <ClInclude Include="CAppInformation.hpp">
      <Filter>Header Files</Filter>
    </ClInclude>
    <ClInclude Include="CRawStream.hpp">
      <Filter>Header Files</Filter>
    </ClInclude>
    <CustomBuild Include="CTcpTransport.hpp">
      <Filter>Header Files</Filter>
    </CustomBuild>
    <CustomBuild Include="CTelegramConnection.hpp">
      <Filter>Header Files</Filter>
    </CustomBuild>
    <CustomBuild Include="CTelegramCore.hpp">
      <Filter>Header Files</Filter>
    </CustomBuild>
    <CustomBuild Include="CTelegramDispatcher.hpp">
      <Filter>Header Files</Filter>
    </CustomBuild>
    <ClInclude Include="CTelegramStream.hpp">
      <Filter>Header Files</Filter>
    </ClInclude>
    <CustomBuild Include="CTelegramTransport.hpp">
      <Filter>Header Files</Filter>
    </CustomBuild>
    <ClInclude Include="TLNumbers.hpp">
      <Filter>Header Files</Filter>
    </ClInclude>
    <ClInclude Include="TLTypes.hpp">
      <Filter>Header Files</Filter>
    </ClInclude>
    <CustomBuild Include="TLValues.hpp">
      <Filter>Header Files</Filter>
    </CustomBuild>
    <CustomBuild Include="TelegramNamespace.hpp">
      <Filter>Header Files</Filter>
    </CustomBuild>
    <ClInclude Include="Utils.hpp">
      <Filter>Header Files</Filter>
    </ClInclude>
    <ClInclude Include="crypto-aes.hpp">
      <Filter>Header Files</Filter>
    </ClInclude>
    <ClInclude Include="crypto-rsa.hpp">
      <Filter>Header Files</Filter>
    </ClInclude>
    <ClInclude Include="telegramqt_export.h">
      <Filter>Header Files</Filter>
    </ClInclude>
  </ItemGroup>
  <ItemGroup>
    <ClCompile Include="debug\moc_CTcpTransport.cpp">
      <Filter>Generated Files</Filter>
    </ClCompile>
    <ClCompile Include="release\moc_CTcpTransport.cpp">
      <Filter>Generated Files</Filter>
    </ClCompile>
    <ClCompile Include="debug\moc_CTelegramConnection.cpp">
      <Filter>Generated Files</Filter>
    </ClCompile>
    <ClCompile Include="release\moc_CTelegramConnection.cpp">
      <Filter>Generated Files</Filter>
    </ClCompile>
    <ClCompile Include="debug\moc_CTelegramCore.cpp">
      <Filter>Generated Files</Filter>
    </ClCompile>
    <ClCompile Include="release\moc_CTelegramCore.cpp">
      <Filter>Generated Files</Filter>
    </ClCompile>
    <ClCompile Include="debug\moc_CTelegramDispatcher.cpp">
      <Filter>Generated Files</Filter>
    </ClCompile>
    <ClCompile Include="release\moc_CTelegramDispatcher.cpp">
      <Filter>Generated Files</Filter>
    </ClCompile>
    <ClCompile Include="debug\moc_CTelegramTransport.cpp">
      <Filter>Generated Files</Filter>
    </ClCompile>
    <ClCompile Include="release\moc_CTelegramTransport.cpp">
      <Filter>Generated Files</Filter>
    </ClCompile>
    <ClCompile Include="debug\moc_TLValues.cpp">
      <Filter>Generated Files</Filter>
    </ClCompile>
    <ClCompile Include="release\moc_TLValues.cpp">
      <Filter>Generated Files</Filter>
    </ClCompile>
    <ClCompile Include="debug\moc_TelegramNamespace.cpp">
      <Filter>Generated Files</Filter>
    </ClCompile>
    <ClCompile Include="release\moc_TelegramNamespace.cpp">
      <Filter>Generated Files</Filter>
    </ClCompile>
  </ItemGroup>
  <ItemGroup>
    <None Include="packages.config" />
  </ItemGroup>
</Project>